
Microsoft Visual Studio Solution File, Format Version 12.00
# Visual Studio Version 16
VisualStudioVersion = 16.0.30717.126
MinimumVisualStudioVersion = 10.0.40219.1
Project("{FAE04EC0-301F-11D3-BF4B-00C04F79EFBC}") = "TorrentFileChecker", "TorrentFileChecker\TorrentFileChecker.csproj", "{778A6BBD-EDE0-4AAD-989E-6BA269ADBDDC}"
EndProject
Global
	GlobalSection(SolutionConfigurationPlatforms) = preSolution
		Debug|Any CPU = Debug|Any CPU
		Release|Any CPU = Release|Any CPU
	EndGlobalSection
	GlobalSection(ProjectConfigurationPlatforms) = postSolution
		{778A6BBD-EDE0-4AAD-989E-6BA269ADBDDC}.Debug|Any CPU.ActiveCfg = Debug|Any CPU
		{778A6BBD-EDE0-4AAD-989E-6BA269ADBDDC}.Debug|Any CPU.Build.0 = Debug|Any CPU
		{778A6BBD-EDE0-4AAD-989E-6BA269ADBDDC}.Release|Any CPU.ActiveCfg = Release|Any CPU
		{778A6BBD-EDE0-4AAD-989E-6BA269ADBDDC}.Release|Any CPU.Build.0 = Release|Any CPU
	EndGlobalSection
	GlobalSection(SolutionProperties) = preSolution
		HideSolutionNode = FALSE
	EndGlobalSection
	GlobalSection(ExtensibilityGlobals) = postSolution
		SolutionGuid = {1308A9B1-C160-4BBC-A3A6-BA5C654E42B0}
	EndGlobalSection
EndGlobal
